
Microsoft Visual Studio Solution File, Format Version 12.00
# Visual Studio 2012
Project("{FAE04EC0-301F-11D3-BF4B-00C04F79EFBC}") = "QuickClassStuffer", "QuickClassStuffer\QuickClassStuffer.csproj", "{04B58A59-F814-4577-BD04-075EDE76BFA9}"
EndProject
Project("{FAE04EC0-301F-11D3-BF4B-00C04F79EFBC}") = "ClassStufferUnitTest", "ClassStufferUnitTest\ClassStufferUnitTest.csproj", "{21979A1C-693C-4BF0-B237-4D3F5B2CEE76}"
EndProject
Global
	GlobalSection(SolutionConfigurationPlatforms) = preSolution
		Debug|Any CPU = Debug|Any CPU
		Release|Any CPU = Release|Any CPU
	EndGlobalSection
	GlobalSection(ProjectConfigurationPlatforms) = postSolution
		{04B58A59-F814-4577-BD04-075EDE76BFA9}.Debug|Any CPU.ActiveCfg = Debug|Any CPU
		{04B58A59-F814-4577-BD04-075EDE76BFA9}.Debug|Any CPU.Build.0 = Debug|Any CPU
		{04B58A59-F814-4577-BD04-075EDE76BFA9}.Release|Any CPU.ActiveCfg = Release|Any CPU
		{04B58A59-F814-4577-BD04-075EDE76BFA9}.Release|Any CPU.Build.0 = Release|Any CPU
		{21979A1C-693C-4BF0-B237-4D3F5B2CEE76}.Debug|Any CPU.ActiveCfg = Debug|Any CPU
		{21979A1C-693C-4BF0-B237-4D3F5B2CEE76}.Debug|Any CPU.Build.0 = Debug|Any CPU
		{21979A1C-693C-4BF0-B237-4D3F5B2CEE76}.Release|Any CPU.ActiveCfg = Release|Any CPU
		{21979A1C-693C-4BF0-B237-4D3F5B2CEE76}.Release|Any CPU.Build.0 = Release|Any CPU
	EndGlobalSection
	GlobalSection(SolutionProperties) = preSolution
		HideSolutionNode = FALSE
	EndGlobalSection
EndGlobal
